
Microsoft Visual Studio Solution File, Format Version 12.00
# Visual Studio Version 17
VisualStudioVersion = 17.12.35707.178 d17.12
MinimumVisualStudioVersion = 10.0.40219.1
Project("{FAE04EC0-301F-11D3-BF4B-00C04F79EFBC}") = "MyFirstWebProject2025", "MyFirstWebProject2025\MyFirstWebProject2025.csproj", "{D9049087-91EA-4238-BACF-A7691482C849}"
EndProject
Global
	GlobalSection(SolutionConfigurationPlatforms) = preSolution
		Debug|Any CPU = Debug|Any CPU
		Release|Any CPU = Release|Any CPU
	EndGlobalSection
	GlobalSection(ProjectConfigurationPlatforms) = postSolution
		{D9049087-91EA-4238-BACF-A7691482C849}.Debug|Any CPU.ActiveCfg = Debug|Any CPU
		{D9049087-91EA-4238-BACF-A7691482C849}.Debug|Any CPU.Build.0 = Debug|Any CPU
		{D9049087-91EA-4238-BACF-A7691482C849}.Release|Any CPU.ActiveCfg = Release|Any CPU
		{D9049087-91EA-4238-BACF-A7691482C849}.Release|Any CPU.Build.0 = Release|Any CPU
	EndGlobalSection
	GlobalSection(SolutionProperties) = preSolution
		HideSolutionNode = FALSE
	EndGlobalSection
EndGlobal
